
Microsoft Visual Studio Solution File, Format Version 12.00
# Visual Studio Version 17
VisualStudioVersion = 17.12.35527.113 d17.12
MinimumVisualStudioVersion = 10.0.40219.1
Project("{FAE04EC0-301F-11D3-BF4B-00C04F79EFBC}") = "GingerMintSoft.Earth.Solar", "GingerMintSoft.Earth.Solar\GingerMintSoft.Earth.Solar.csproj", "{71C0F1B7-A6C5-4447-9B62-2655061D6EA7}"
EndProject
Project("{FAE04EC0-301F-11D3-BF4B-00C04F79EFBC}") = "GingerMintSoft.Earth.Solar.Cmd", "GingerMintSoft.Earth.Solar.Cmd\GingerMintSoft.Earth.Solar.Cmd.csproj", "{457CB4EA-2A64-4EDF-8851-9D20B526CA53}"
EndProject
Project("{FAE04EC0-301F-11D3-BF4B-00C04F79EFBC}") = "GingerMintSoft.Earth.Solar.Tests", "GingerMintSoft.Earth.Solar.Tests\GingerMintSoft.Earth.Solar.Tests.csproj", "{2F947514-DB08-4E2B-814F-F995D4E7CD4E}"
EndProject
Global
	GlobalSection(SolutionConfigurationPlatforms) = preSolution
		Debug|Any CPU = Debug|Any CPU
		Release|Any CPU = Release|Any CPU
	EndGlobalSection
	GlobalSection(ProjectConfigurationPlatforms) = postSolution
		{71C0F1B7-A6C5-4447-9B62-2655061D6EA7}.Debug|Any CPU.ActiveCfg = Debug|Any CPU
		{71C0F1B7-A6C5-4447-9B62-2655061D6EA7}.Debug|Any CPU.Build.0 = Debug|Any CPU
		{71C0F1B7-A6C5-4447-9B62-2655061D6EA7}.Release|Any CPU.ActiveCfg = Release|Any CPU
		{71C0F1B7-A6C5-4447-9B62-2655061D6EA7}.Release|Any CPU.Build.0 = Release|Any CPU
		{457CB4EA-2A64-4EDF-8851-9D20B526CA53}.Debug|Any CPU.ActiveCfg = Debug|Any CPU
		{457CB4EA-2A64-4EDF-8851-9D20B526CA53}.Debug|Any CPU.Build.0 = Debug|Any CPU
		{457CB4EA-2A64-4EDF-8851-9D20B526CA53}.Release|Any CPU.ActiveCfg = Release|Any CPU
		{457CB4EA-2A64-4EDF-8851-9D20B526CA53}.Release|Any CPU.Build.0 = Release|Any CPU
		{2F947514-DB08-4E2B-814F-F995D4E7CD4E}.Debug|Any CPU.ActiveCfg = Debug|Any CPU
		{2F947514-DB08-4E2B-814F-F995D4E7CD4E}.Debug|Any CPU.Build.0 = Debug|Any CPU
		{2F947514-DB08-4E2B-814F-F995D4E7CD4E}.Release|Any CPU.ActiveCfg = Release|Any CPU
		{2F947514-DB08-4E2B-814F-F995D4E7CD4E}.Release|Any CPU.Build.0 = Release|Any CPU
	EndGlobalSection
	GlobalSection(SolutionProperties) = preSolution
		HideSolutionNode = FALSE
	EndGlobalSection
EndGlobal
