
Microsoft Visual Studio Solution File, Format Version 12.00
# Visual Studio Version 17
VisualStudioVersion = 17.12.35527.113
MinimumVisualStudioVersion = 10.0.40219.1
Project("{FAE04EC0-301F-11D3-BF4B-00C04F79EFBC}") = "GingerMintSoft.Earth.Location", "GingerMintSoft.Earth.Solar\GingerMintSoft.Earth.Location.csproj", "{71C0F1B7-A6C5-4447-9B62-2655061D6EA7}"
EndProject
Project("{FAE04EC0-301F-11D3-BF4B-00C04F79EFBC}") = "GingerMintSoft.Earth.Location.Cmd", "GingerMintSoft.Earth.Solar.Cmd\GingerMintSoft.Earth.Location.Cmd.csproj", "{457CB4EA-2A64-4EDF-8851-9D20B526CA53}"
EndProject
Project("{FAE04EC0-301F-11D3-BF4B-00C04F79EFBC}") = "GingerMintSoft.Earth.Location.Tests", "GingerMintSoft.Earth.Solar.Tests\GingerMintSoft.Earth.Location.Tests.csproj", "{2F947514-DB08-4E2B-814F-F995D4E7CD4E}"
EndProject
Project("{FAE04EC0-301F-11D3-BF4B-00C04F79EFBC}") = "GingerMintSoft.Earth.Location.Service", "GingerMintSoft.Earth.Location.Service\GingerMintSoft.Earth.Location.Service.csproj", "{B4572CFD-1D4F-4D59-A76E-8B32332F4B5D}"
EndProject
Project("{FAE04EC0-301F-11D3-BF4B-00C04F79EFBC}") = "DataBase", "DataStore\DataBase.csproj", "{B42E0583-6847-19CA-0B0F-1F42CC51E1CF}"
EndProject
Project("{FAE04EC0-301F-11D3-BF4B-00C04F79EFBC}") = "Database.Tests", "Database.Tests\Database.Tests.csproj", "{FA0B2DA8-05BA-4E03-BB91-7EDC67CA01B2}"
EndProject
Project("{2150E333-8FDC-42A3-9474-1A3956D46DE8}") = "SolarPlantDisplay.Html", "SolarPlantDisplay.Html", "{02EA681E-C7D8-13C7-8484-4AC65E1B71E8}"
	ProjectSection(SolutionItems) = preProject
		SolarPlantDisplay.Html\Envelope.html = SolarPlantDisplay.Html\Envelope.html
		SolarPlantDisplay.Html\RoofsEnvelope.html = SolarPlantDisplay.Html\RoofsEnvelope.html
	EndProjectSection
EndProject
Global
	GlobalSection(SolutionConfigurationPlatforms) = preSolution
		Debug|Any CPU = Debug|Any CPU
		Release|Any CPU = Release|Any CPU
	EndGlobalSection
	GlobalSection(ProjectConfigurationPlatforms) = postSolution
		{71C0F1B7-A6C5-4447-9B62-2655061D6EA7}.Debug|Any CPU.ActiveCfg = Debug|Any CPU
		{71C0F1B7-A6C5-4447-9B62-2655061D6EA7}.Debug|Any CPU.Build.0 = Debug|Any CPU
		{71C0F1B7-A6C5-4447-9B62-2655061D6EA7}.Release|Any CPU.ActiveCfg = Release|Any CPU
		{71C0F1B7-A6C5-4447-9B62-2655061D6EA7}.Release|Any CPU.Build.0 = Release|Any CPU
		{457CB4EA-2A64-4EDF-8851-9D20B526CA53}.Debug|Any CPU.ActiveCfg = Debug|Any CPU
		{457CB4EA-2A64-4EDF-8851-9D20B526CA53}.Debug|Any CPU.Build.0 = Debug|Any CPU
		{457CB4EA-2A64-4EDF-8851-9D20B526CA53}.Release|Any CPU.ActiveCfg = Release|Any CPU
		{457CB4EA-2A64-4EDF-8851-9D20B526CA53}.Release|Any CPU.Build.0 = Release|Any CPU
		{2F947514-DB08-4E2B-814F-F995D4E7CD4E}.Debug|Any CPU.ActiveCfg = Debug|Any CPU
		{2F947514-DB08-4E2B-814F-F995D4E7CD4E}.Debug|Any CPU.Build.0 = Debug|Any CPU
		{2F947514-DB08-4E2B-814F-F995D4E7CD4E}.Release|Any CPU.ActiveCfg = Release|Any CPU
		{2F947514-DB08-4E2B-814F-F995D4E7CD4E}.Release|Any CPU.Build.0 = Release|Any CPU
		{B4572CFD-1D4F-4D59-A76E-8B32332F4B5D}.Debug|Any CPU.ActiveCfg = Debug|Any CPU
		{B4572CFD-1D4F-4D59-A76E-8B32332F4B5D}.Debug|Any CPU.Build.0 = Debug|Any CPU
		{B4572CFD-1D4F-4D59-A76E-8B32332F4B5D}.Release|Any CPU.ActiveCfg = Release|Any CPU
		{B4572CFD-1D4F-4D59-A76E-8B32332F4B5D}.Release|Any CPU.Build.0 = Release|Any CPU
		{B42E0583-6847-19CA-0B0F-1F42CC51E1CF}.Debug|Any CPU.ActiveCfg = Debug|Any CPU
		{B42E0583-6847-19CA-0B0F-1F42CC51E1CF}.Debug|Any CPU.Build.0 = Debug|Any CPU
		{B42E0583-6847-19CA-0B0F-1F42CC51E1CF}.Release|Any CPU.ActiveCfg = Release|Any CPU
		{B42E0583-6847-19CA-0B0F-1F42CC51E1CF}.Release|Any CPU.Build.0 = Release|Any CPU
		{FA0B2DA8-05BA-4E03-BB91-7EDC67CA01B2}.Debug|Any CPU.ActiveCfg = Debug|Any CPU
		{FA0B2DA8-05BA-4E03-BB91-7EDC67CA01B2}.Debug|Any CPU.Build.0 = Debug|Any CPU
		{FA0B2DA8-05BA-4E03-BB91-7EDC67CA01B2}.Release|Any CPU.ActiveCfg = Release|Any CPU
		{FA0B2DA8-05BA-4E03-BB91-7EDC67CA01B2}.Release|Any CPU.Build.0 = Release|Any CPU
	EndGlobalSection
	GlobalSection(SolutionProperties) = preSolution
		HideSolutionNode = FALSE
	EndGlobalSection
	GlobalSection(ExtensibilityGlobals) = postSolution
		SolutionGuid = {C8818044-8A30-4D62-A227-EDD47F4E3AA3}
	EndGlobalSection
EndGlobal
